
Microsoft Visual Studio Solution File, Format Version 12.00
# Visual Studio Version 17
VisualStudioVersion = 17.5.33424.131
MinimumVisualStudioVersion = 10.0.40219.1
Project("{9A19103F-16F7-4668-BE54-9A1E7A4F7556}") = "Guven_Barkod", "Guven_Barkod.csproj", "{310246D2-E384-4767-8F71-BA137414EEF3}"
EndProject
Project("{FAE04EC0-301F-11D3-BF4B-00C04F79EFBC}") = "Guven_Barkod_BackEnd", "..\Guven_Barkod_Back\Guven_Barkod_BackEnd.csproj", "{FFDB0132-0C14-4530-9436-F3422B6DD50A}"
EndProject
Global
	GlobalSection(SolutionConfigurationPlatforms) = preSolution
		Debug|Any CPU = Debug|Any CPU
		Release|Any CPU = Release|Any CPU
	EndGlobalSection
	GlobalSection(ProjectConfigurationPlatforms) = postSolution
		{310246D2-E384-4767-8F71-BA137414EEF3}.Debug|Any CPU.ActiveCfg = Debug|Any CPU
		{310246D2-E384-4767-8F71-BA137414EEF3}.Debug|Any CPU.Build.0 = Debug|Any CPU
		{310246D2-E384-4767-8F71-BA137414EEF3}.Release|Any CPU.ActiveCfg = Release|Any CPU
		{310246D2-E384-4767-8F71-BA137414EEF3}.Release|Any CPU.Build.0 = Release|Any CPU
		{FFDB0132-0C14-4530-9436-F3422B6DD50A}.Debug|Any CPU.ActiveCfg = Debug|Any CPU
		{FFDB0132-0C14-4530-9436-F3422B6DD50A}.Debug|Any CPU.Build.0 = Debug|Any CPU
		{FFDB0132-0C14-4530-9436-F3422B6DD50A}.Release|Any CPU.ActiveCfg = Release|Any CPU
		{FFDB0132-0C14-4530-9436-F3422B6DD50A}.Release|Any CPU.Build.0 = Release|Any CPU
	EndGlobalSection
	GlobalSection(SolutionProperties) = preSolution
		HideSolutionNode = FALSE
	EndGlobalSection
	GlobalSection(ExtensibilityGlobals) = postSolution
		SolutionGuid = {B555BA92-A186-43EB-B75D-4C46721FE442}
	EndGlobalSection
EndGlobal
