
Microsoft Visual Studio Solution File, Format Version 12.00
# Visual Studio Version 17
VisualStudioVersion = 17.5.33424.131
MinimumVisualStudioVersion = 10.0.40219.1
Project("{9A19103F-16F7-4668-BE54-9A1E7A4F7556}") = "Guven_Barkod", "Guven_Barkod.csproj", "{310246D2-E384-4767-8F71-BA137414EEF3}"
EndProject
Project("{9A19103F-16F7-4668-BE54-9A1E7A4F7556}") = "Guven_Barkod_BackEnd", "..\Guven_Barkod_Back\Guven_Barkod_BackEnd.csproj", "{844429FC-F797-46CF-A14D-D3F20220871A}"
EndProject
Project("{9A19103F-16F7-4668-BE54-9A1E7A4F7556}") = "Helpers", "..\Helpers\Helpers.csproj", "{B43B9E00-BA67-4E19-96AC-3BC2AE30730C}"
EndProject
Project("{54435603-DBB4-11D2-8724-00A0C9A8B90C}") = "GBSetup", "..\GBSetup\GBSetup.vdproj", "{78854C14-A36C-4E60-ACC4-324C9208FA63}"
EndProject
Global
	GlobalSection(SolutionConfigurationPlatforms) = preSolution
		Debug|Any CPU = Debug|Any CPU
		Release|Any CPU = Release|Any CPU
	EndGlobalSection
	GlobalSection(ProjectConfigurationPlatforms) = postSolution
		{310246D2-E384-4767-8F71-BA137414EEF3}.Debug|Any CPU.ActiveCfg = Debug|Any CPU
		{310246D2-E384-4767-8F71-BA137414EEF3}.Debug|Any CPU.Build.0 = Debug|Any CPU
		{310246D2-E384-4767-8F71-BA137414EEF3}.Release|Any CPU.ActiveCfg = Release|Any CPU
		{310246D2-E384-4767-8F71-BA137414EEF3}.Release|Any CPU.Build.0 = Release|Any CPU
		{844429FC-F797-46CF-A14D-D3F20220871A}.Debug|Any CPU.ActiveCfg = Debug|Any CPU
		{844429FC-F797-46CF-A14D-D3F20220871A}.Debug|Any CPU.Build.0 = Debug|Any CPU
		{844429FC-F797-46CF-A14D-D3F20220871A}.Release|Any CPU.ActiveCfg = Release|Any CPU
		{844429FC-F797-46CF-A14D-D3F20220871A}.Release|Any CPU.Build.0 = Release|Any CPU
		{B43B9E00-BA67-4E19-96AC-3BC2AE30730C}.Debug|Any CPU.ActiveCfg = Debug|Any CPU
		{B43B9E00-BA67-4E19-96AC-3BC2AE30730C}.Debug|Any CPU.Build.0 = Debug|Any CPU
		{B43B9E00-BA67-4E19-96AC-3BC2AE30730C}.Release|Any CPU.ActiveCfg = Release|Any CPU
		{B43B9E00-BA67-4E19-96AC-3BC2AE30730C}.Release|Any CPU.Build.0 = Release|Any CPU
		{78854C14-A36C-4E60-ACC4-324C9208FA63}.Debug|Any CPU.ActiveCfg = Debug
		{78854C14-A36C-4E60-ACC4-324C9208FA63}.Release|Any CPU.ActiveCfg = Release
	EndGlobalSection
	GlobalSection(SolutionProperties) = preSolution
		HideSolutionNode = FALSE
	EndGlobalSection
	GlobalSection(ExtensibilityGlobals) = postSolution
		SolutionGuid = {B555BA92-A186-43EB-B75D-4C46721FE442}
	EndGlobalSection
EndGlobal
